Microsoft Visual Studio Solution File, Format Version 11.00
# Visual Studio 2008

Project("{30DDC102-BA72-AB5B-F7E1-28EE3463B950}") = "VR_test", "Assembly-CSharp.csproj", "{11D601B4-0162-5847-9695-AE0EBBED6A6E}"
EndProject
Project("{30DDC102-BA72-AB5B-F7E1-28EE3463B950}") = "VR_test", "Assembly-CSharp-Editor.csproj", "{993C1899-8E94-0CA6-EBF7-4C58729AC7A8}"
EndProject
Global
	GlobalSection(SolutionConfigurationPlatforms) = preSolution
		Debug|Any CPU = Debug|Any CPU
		Release|Any CPU = Release|Any CPU
	EndGlobalSection
	GlobalSection(ProjectConfigurationPlatforms) = postSolution
		{11D601B4-0162-5847-9695-AE0EBBED6A6E}.Debug|Any CPU.ActiveCfg = Debug|Any CPU
		{11D601B4-0162-5847-9695-AE0EBBED6A6E}.Debug|Any CPU.Build.0 = Debug|Any CPU
		{11D601B4-0162-5847-9695-AE0EBBED6A6E}.Release|Any CPU.ActiveCfg = Release|Any CPU
		{11D601B4-0162-5847-9695-AE0EBBED6A6E}.Release|Any CPU.Build.0 = Release|Any CPU
		{993C1899-8E94-0CA6-EBF7-4C58729AC7A8}.Debug|Any CPU.ActiveCfg = Debug|Any CPU
		{993C1899-8E94-0CA6-EBF7-4C58729AC7A8}.Debug|Any CPU.Build.0 = Debug|Any CPU
		{993C1899-8E94-0CA6-EBF7-4C58729AC7A8}.Release|Any CPU.ActiveCfg = Release|Any CPU
		{993C1899-8E94-0CA6-EBF7-4C58729AC7A8}.Release|Any CPU.Build.0 = Release|Any CPU
	EndGlobalSection
	GlobalSection(SolutionProperties) = preSolution
		HideSolutionNode = FALSE
	EndGlobalSection
	GlobalSection(MonoDevelopProperties) = preSolution
		StartupItem = Assembly-CSharp.csproj
	EndGlobalSection
EndGlobal
